// !$*UTF8*$!
{
	archiveVersion = 1;
	classes = {
	};
	objectVersion = 55;
	objects = {

/* Begin PBXBuildFile section */
		8AB47280275429FA0038920F /* MyPlaylistsView.swift in Sources */ = {isa = PBXBuildFile; fileRef = 8AB4727F275429FA0038920F /* MyPlaylistsView.swift */; };
		8AB4728227542A950038920F /* MyPlaylistDetailView.swift in Sources */ = {isa = PBXBuildFile; fileRef = 8AB4728127542A950038920F /* MyPlaylistDetailView.swift */; };
		8AB4728427542DB10038920F /* Playlist.swift in Sources */ = {isa = PBXBuildFile; fileRef = 8AB4728327542DB00038920F /* Playlist.swift */; };
		8AB472862754359E0038920F /* BuildPlaylistView.swift in Sources */ = {isa = PBXBuildFile; fileRef = 8AB472852754359E0038920F /* BuildPlaylistView.swift */; };
		8AECEFDC274EA06700124EF8 /* PlaylistGeneratorApp.swift in Sources */ = {isa = PBXBuildFile; fileRef = 8AECEFDB274EA06700124EF8 /* PlaylistGeneratorApp.swift */; };
		8AECEFDE274EA06700124EF8 /* MainPageView.swift in Sources */ = {isa = PBXBuildFile; fileRef = 8AECEFDD274EA06700124EF8 /* MainPageView.swift */; };
		8AECEFE0274EA06E00124EF8 /* Assets.xcassets in Resources */ = {isa = PBXBuildFile; fileRef = 8AECEFDF274EA06E00124EF8 /* Assets.xcassets */; };
		8AECEFE3274EA06E00124EF8 /* Preview Assets.xcassets in Resources */ = {isa = PBXBuildFile; fileRef = 8AECEFE2274EA06E00124EF8 /* Preview Assets.xcassets */; };
/* End PBXBuildFile section */

/* Begin PBXFileReference section */
		8AB4727F275429FA0038920F /* MyPlaylistsView.swift */ = {isa = PBXFileReference; lastKnownFileType = sourcecode.swift; path = MyPlaylistsView.swift; sourceTree = "<group>"; };
		8AB4728127542A950038920F /* MyPlaylistDetailView.swift */ = {isa = PBXFileReference; lastKnownFileType = sourcecode.swift; path = MyPlaylistDetailView.swift; sourceTree = "<group>"; };
		8AB4728327542DB00038920F /* Playlist.swift */ = {isa = PBXFileReference; lastKnownFileType = sourcecode.swift; path = Playlist.swift; sourceTree = "<group>"; };
		8AB472852754359E0038920F /* BuildPlaylistView.swift */ = {isa = PBXFileReference; lastKnownFileType = sourcecode.swift; path = BuildPlaylistView.swift; sourceTree = "<group>"; };
		8AECEFD8274EA06700124EF8 /* PlaylistGenerator.app */ = {isa = PBXFileReference; explicitFileType = wrapper.application; includeInIndex = 0; path = PlaylistGenerator.app; sourceTree = BUILT_PRODUCTS_DIR; };
		8AECEFDB274EA06700124EF8 /* PlaylistGeneratorApp.swift */ = {isa = PBXFileReference; lastKnownFileType = sourcecode.swift; path = PlaylistGeneratorApp.swift; sourceTree = "<group>"; };
		8AECEFDD274EA06700124EF8 /* MainPageView.swift */ = {isa = PBXFileReference; lastKnownFileType = sourcecode.swift; path = MainPageView.swift; sourceTree = "<group>"; };
		8AECEFDF274EA06E00124EF8 /* Assets.xcassets */ = {isa = PBXFileReference; lastKnownFileType = folder.assetcatalog; path = Assets.xcassets; sourceTree = "<group>"; };
		8AECEFE2274EA06E00124EF8 /* Preview Assets.xcassets */ = {isa = PBXFileReference; lastKnownFileType = folder.assetcatalog; path = "Preview Assets.xcassets"; sourceTree = "<group>"; };
/* End PBXFileReference section */

/* Begin PBXFrameworksBuildPhase section */
		8AECEFD5274EA06700124EF8 /* Frameworks */ = {
			isa = PBXFrameworksBuildPhase;
			buildActionMask = 2147483647;
			files = (
			);
			runOnlyForDeploymentPostprocessing = 0;
		};
/* End PBXFrameworksBuildPhase section */

/* Begin PBXGroup section */
		8AECEFCF274EA06600124EF8 = {
			isa = PBXGroup;
			children = (
				8AECEFDA274EA06700124EF8 /* PlaylistGenerator */,
				8AECEFD9274EA06700124EF8 /* Products */,
			);
			sourceTree = "<group>";
		};
		8AECEFD9274EA06700124EF8 /* Products */ = {
			isa = PBXGroup;
			children = (
				8AECEFD8274EA06700124EF8 /* PlaylistGenerator.app */,
			);
			name = Products;
			sourceTree = "<group>";
		};
		8AECEFDA274EA06700124EF8 /* PlaylistGenerator */ = {
			isa = PBXGroup;
			children = (
				8AECEFDB274EA06700124EF8 /* PlaylistGeneratorApp.swift */,
				8AECEFE9274EA08600124EF8 /* Model */,
				8AECEFEA274EA09300124EF8 /* Views */,
				8AECEFDF274EA06E00124EF8 /* Assets.xcassets */,
				8AECEFE1274EA06E00124EF8 /* Preview Content */,
			);
			path = PlaylistGenerator;
			sourceTree = "<group>";
		};
		8AECEFE1274EA06E00124EF8 /* Preview Content */ = {
			isa = PBXGroup;
			children = (
				8AECEFE2274EA06E00124EF8 /* Preview Assets.xcassets */,
			);
			path = "Preview Content";
			sourceTree = "<group>";
		};
		8AECEFE9274EA08600124EF8 /* Model */ = {
			isa = PBXGroup;
			children = (
				8AB4728327542DB00038920F /* Playlist.swift */,
			);
			path = Model;
			sourceTree = "<group>";
		};
		8AECEFEA274EA09300124EF8 /* Views */ = {
			isa = PBXGroup;
			children = (
				8AECEFDD274EA06700124EF8 /* MainPageView.swift */,
				8AB4727F275429FA0038920F /* MyPlaylistsView.swift */,
				8AB4728127542A950038920F /* MyPlaylistDetailView.swift */,
				8AB472852754359E0038920F /* BuildPlaylistView.swift */,
			);
			path = Views;
			sourceTree = "<group>";
		};
/* End PBXGroup section */

/* Begin PBXNativeTarget section */
		8AECEFD7274EA06700124EF8 /* PlaylistGenerator */ = {
			isa = PBXNativeTarget;
			buildConfigurationList = 8AECEFE6274EA06E00124EF8 /* Build configuration list for PBXNativeTarget "PlaylistGenerator" */;
			buildPhases = (
				8AECEFD4274EA06700124EF8 /* Sources */,
				8AECEFD5274EA06700124EF8 /* Frameworks */,
				8AECEFD6274EA06700124EF8 /* Resources */,
			);
			buildRules = (
			);
			dependencies = (
			);
			name = PlaylistGenerator;
			productName = PlaylistGenerator;
			productReference = 8AECEFD8274EA06700124EF8 /* PlaylistGenerator.app */;
			productType = "com.apple.product-type.application";
		};
/* End PBXNativeTarget section */

/* Begin PBXProject section */
		8AECEFD0274EA06600124EF8 /* Project object */ = {
			isa = PBXProject;
			attributes = {
				BuildIndependentTargetsInParallel = 1;
				LastSwiftUpdateCheck = 1310;
				LastUpgradeCheck = 1310;
				TargetAttributes = {
					8AECEFD7274EA06700124EF8 = {
						CreatedOnToolsVersion = 13.1;
					};
				};
			};
			buildConfigurationList = 8AECEFD3274EA06600124EF8 /* Build configuration list for PBXProject "PlaylistGenerator" */;
			compatibilityVersion = "Xcode 13.0";
			developmentRegion = en;
			hasScannedForEncodings = 0;
			knownRegions = (
				en,
				Base,
			);
			mainGroup = 8AECEFCF274EA06600124EF8;
			productRefGroup = 8AECEFD9274EA06700124EF8 /* Products */;
			projectDirPath = "";
			projectRoot = "";
			targets = (
				8AECEFD7274EA06700124EF8 /* PlaylistGenerator */,
			);
		};
/* End PBXProject section */

/* Begin PBXResourcesBuildPhase section */
		8AECEFD6274EA06700124EF8 /* Resources */ = {
			isa = PBXResourcesBuildPhase;
			buildActionMask = 2147483647;
			files = (
				8AECEFE3274EA06E00124EF8 /* Preview Assets.xcassets in Resources */,
				8AECEFE0274EA06E00124EF8 /* Assets.xcassets in Resources */,
			);
			runOnlyForDeploymentPostprocessing = 0;
		};
/* End PBXResourcesBuildPhase section */

/* Begin PBXSourcesBuildPhase section */
		8AECEFD4274EA06700124EF8 /* Sources */ = {
			isa = PBXSourcesBuildPhase;
			buildActionMask = 2147483647;
			files = (
				8AB47280275429FA0038920F /* MyPlaylistsView.swift in Sources */,
				8AB472862754359E0038920F /* BuildPlaylistView.swift in Sources */,
				8AECEFDE274EA06700124EF8 /* MainPageView.swift in Sources */,
				8AECEFDC274EA06700124EF8 /* PlaylistGeneratorApp.swift in Sources */,
				8AB4728227542A950038920F /* MyPlaylistDetailView.swift in Sources */,
				8AB4728427542DB10038920F /* Playlist.swift in Sources */,
			);
			runOnlyForDeploymentPostprocessing = 0;
		};
/* End PBXSourcesBuildPhase section */

/* Begin XCBuildConfiguration section */
		8AECEFE4274EA06E00124EF8 /* Debug */ = {
			isa = XCBuildConfiguration;
			buildSettings = {
				ALWAYS_SEARCH_USER_PATHS = NO;
				CLANG_ANALYZER_NONNULL = YES;
				CLANG_ANALYZER_NUMBER_OBJECT_CONVERSION = YES_AGGRESSIVE;
				CLANG_CXX_LANGUAGE_STANDARD = "gnu++17";
				CLANG_CXX_LIBRARY = "libc++";
				CLANG_ENABLE_MODULES = YES;
				CLANG_ENABLE_OBJC_ARC = YES;
				CLANG_ENABLE_OBJC_WEAK = YES;
				CLANG_WARN_BLOCK_CAPTURE_AUTORELEASING = YES;
				CLANG_WARN_BOOL_CONVERSION = YES;
				CLANG_WARN_COMMA = YES;
				CLANG_WARN_CONSTANT_CONVERSION = YES;
				CLANG_WARN_DEPRECATED_OBJC_IMPLEMENTATIONS = YES;
				CLANG_WARN_DIRECT_OBJC_ISA_USAGE = YES_ERROR;
				CLANG_WARN_DOCUMENTATION_COMMENTS = YES;
				CLANG_WARN_EMPTY_BODY = YES;
				CLANG_WARN_ENUM_CONVERSION = YES;
				CLANG_WARN_INFINITE_RECURSION = YES;
				CLANG_WARN_INT_CONVERSION = YES;
				CLANG_WARN_NON_LITERAL_NULL_CONVERSION = YES;
				CLANG_WARN_OBJC_IMPLICIT_RETAIN_SELF = YES;
				CLANG_WARN_OBJC_LITERAL_CONVERSION = YES;
				CLANG_WARN_OBJC_ROOT_CLASS = YES_ERROR;
				CLANG_WARN_QUOTED_INCLUDE_IN_FRAMEWORK_HEADER = YES;
				CLANG_WARN_RANGE_LOOP_ANALYSIS = YES;
				CLANG_WARN_STRICT_PROTOTYPES = YES;
				CLANG_WARN_SUSPICIOUS_MOVE = YES;
				CLANG_WARN_UNGUARDED_AVAILABILITY = YES_AGGRESSIVE;
				CLANG_WARN_UNREACHABLE_CODE = YES;
				CLANG_WARN__DUPLICATE_METHOD_MATCH = YES;
				COPY_PHASE_STRIP = NO;
				DEBUG_INFORMATION_FORMAT = dwarf;
				ENABLE_STRICT_OBJC_MSGSEND = YES;
				ENABLE_TESTABILITY = YES;
				GCC_C_LANGUAGE_STANDARD = gnu11;
				GCC_DYNAMIC_NO_PIC = NO;
				GCC_NO_COMMON_BLOCKS = YES;
				GCC_OPTIMIZATION_LEVEL = 0;
				GCC_PREPROCESSOR_DEFINITIONS = (
					"DEBUG=1",
					"$(inherited)",
				);
				GCC_WARN_64_TO_32_BIT_CONVERSION = YES;
				GCC_WARN_ABOUT_RETURN_TYPE = YES_ERROR;
				GCC_WARN_UNDECLARED_SELECTOR = YES;
				GCC_WARN_UNINITIALIZED_AUTOS = YES_AGGRESSIVE;
				GCC_WARN_UNUSED_FUNCTION = YES;
				GCC_WARN_UNUSED_VARIABLE = YES;
				IPHONEOS_DEPLOYMENT_TARGET = 15.0;
				MTL_ENABLE_DEBUG_INFO = INCLUDE_SOURCE;
				MTL_FAST_MATH = YES;
				ONLY_ACTIVE_ARCH = YES;
				SDKROOT = iphoneos;
				SWIFT_ACTIVE_COMPILATION_CONDITIONS = DEBUG;
				SWIFT_OPTIMIZATION_LEVEL = "-Onone";
			};
			name = Debug;
		};
		8AECEFE5274EA06E00124EF8 /* Release */ = {
			isa = XCBuildConfiguration;
			buildSettings = {
				ALWAYS_SEARCH_USER_PATHS = NO;
				CLANG_ANALYZER_NONNULL = YES;
				CLANG_ANALYZER_NUMBER_OBJECT_CONVERSION = YES_AGGRESSIVE;
				CLANG_CXX_LANGUAGE_STANDARD = "gnu++17";
				CLANG_CXX_LIBRARY = "libc++";
				CLANG_ENABLE_MODULES = YES;
				CLANG_ENABLE_OBJC_ARC = YES;
				CLANG_ENABLE_OBJC_WEAK = YES;
				CLANG_WARN_BLOCK_CAPTURE_AUTORELEASING = YES;
				CLANG_WARN_BOOL_CONVERSION = YES;
				CLANG_WARN_COMMA = YES;
				CLANG_WARN_CONSTANT_CONVERSION = YES;
				CLANG_WARN_DEPRECATED_OBJC_IMPLEMENTATIONS = YES;
				CLANG_WARN_DIRECT_OBJC_ISA_USAGE = YES_ERROR;
				CLANG_WARN_DOCUMENTATION_COMMENTS = YES;
				CLANG_WARN_EMPTY_BODY = YES;
				CLANG_WARN_ENUM_CONVERSION = YES;
				CLANG_WARN_INFINITE_RECURSION = YES;
				CLANG_WARN_INT_CONVERSION = YES;
				CLANG_WARN_NON_LITERAL_NULL_CONVERSION = YES;
				CLANG_WARN_OBJC_IMPLICIT_RETAIN_SELF = YES;
				CLANG_WARN_OBJC_LITERAL_CONVERSION = YES;
				CLANG_WARN_OBJC_ROOT_CLASS = YES_ERROR;
				CLANG_WARN_QUOTED_INCLUDE_IN_FRAMEWORK_HEADER = YES;
				CLANG_WARN_RANGE_LOOP_ANALYSIS = YES;
				CLANG_WARN_STRICT_PROTOTYPES = YES;
				CLANG_WARN_SUSPICIOUS_MOVE = YES;
				CLANG_WARN_UNGUARDED_AVAILABILITY = YES_AGGRESSIVE;
				CLANG_WARN_UNREACHABLE_CODE = YES;
				CLANG_WARN__DUPLICATE_METHOD_MATCH = YES;
				COPY_PHASE_STRIP = NO;
				DEBUG_INFORMATION_FORMAT = "dwarf-with-dsym";
				ENABLE_NS_ASSERTIONS = NO;
				ENABLE_STRICT_OBJC_MSGSEND = YES;
				GCC_C_LANGUAGE_STANDARD = gnu11;
				GCC_NO_COMMON_BLOCKS = YES;
				GCC_WARN_64_TO_32_BIT_CONVERSION = YES;
				GCC_WARN_ABOUT_RETURN_TYPE = YES_ERROR;
				GCC_WARN_UNDECLARED_SELECTOR = YES;
				GCC_WARN_UNINITIALIZED_AUTOS = YES_AGGRESSIVE;
				GCC_WARN_UNUSED_FUNCTION = YES;
				GCC_WARN_UNUSED_VARIABLE = YES;
				IPHONEOS_DEPLOYMENT_TARGET = 15.0;
				MTL_ENABLE_DEBUG_INFO = NO;
				MTL_FAST_MATH = YES;
				SDKROOT = iphoneos;
				SWIFT_COMPILATION_MODE = wholemodule;
				SWIFT_OPTIMIZATION_LEVEL = "-O";
				VALIDATE_PRODUCT = YES;
			};
			name = Release;
		};
		8AECEFE7274EA06E00124EF8 /* Debug */ = {
			isa = XCBuildConfiguration;
			buildSettings = {
				ASSETCATALOG_COMPILER_APPICON_NAME = AppIcon;
				ASSETCATALOG_COMPILER_GLOBAL_ACCENT_COLOR_NAME = AccentColor;
				CODE_SIGN_STYLE = Automatic;
				CURRENT_PROJECT_VERSION = 1;
				DEVELOPMENT_ASSET_PATHS = "\"PlaylistGenerator/Preview Content\"";
				DEVELOPMENT_TEAM = 8URKC69Y69;
				ENABLE_PREVIEWS = YES;
				GENERATE_INFOPLIST_FILE = YES;
				INFOPLIST_KEY_UIApplicationSceneManifest_Generation = YES;
				INFOPLIST_KEY_UIApplicationSupportsIndirectInputEvents = YES;
				INFOPLIST_KEY_UILaunchScreen_Generation = YES;
				INFOPLIST_KEY_UISupportedInterfaceOrientations_iPad = "UIInterfaceOrientationPortrait UIInterfaceOrientationPortraitUpsideDown UIInterfaceOrientationLandscapeLeft UIInterfaceOrientationLandscapeRight";
				INFOPLIST_KEY_UISupportedInterfaceOrientations_iPhone = "UIInterfaceOrientationPortrait UIInterfaceOrientationLandscapeLeft UIInterfaceOrientationLandscapeRight";
				LD_RUNPATH_SEARCH_PATHS = (
					"$(inherited)",
					"@executable_path/Frameworks",
				);
				MARKETING_VERSION = 1.0;
				PRODUCT_BUNDLE_IDENTIFIER = ca.amyshin.PlaylistGenerator;
				PRODUCT_NAME = "$(TARGET_NAME)";
				SWIFT_EMIT_LOC_STRINGS = YES;
				SWIFT_VERSION = 5.0;
				TARGETED_DEVICE_FAMILY = "1,2";
			};
			name = Debug;
		};
		8AECEFE8274EA06E00124EF8 /* Release */ = {
			isa = XCBuildConfiguration;
			buildSettings = {
				ASSETCATALOG_COMPILER_APPICON_NAME = AppIcon;
				ASSETCATALOG_COMPILER_GLOBAL_ACCENT_COLOR_NAME = AccentColor;
				CODE_SIGN_STYLE = Automatic;
				CURRENT_PROJECT_VERSION = 1;
				DEVELOPMENT_ASSET_PATHS = "\"PlaylistGenerator/Preview Content\"";
				DEVELOPMENT_TEAM = 8URKC69Y69;
				ENABLE_PREVIEWS = YES;
				GENERATE_INFOPLIST_FILE = YES;
				INFOPLIST_KEY_UIApplicationSceneManifest_Generation = YES;
				INFOPLIST_KEY_UIApplicationSupportsIndirectInputEvents = YES;
				INFOPLIST_KEY_UILaunchScreen_Generation = YES;
				INFOPLIST_KEY_UISupportedInterfaceOrientations_iPad = "UIInterfaceOrientationPortrait UIInterfaceOrientationPortraitUpsideDown UIInterfaceOrientationLandscapeLeft UIInterfaceOrientationLandscapeRight";
				INFOPLIST_KEY_UISupportedInterfaceOrientations_iPhone = "UIInterfaceOrientationPortrait UIInterfaceOrientationLandscapeLeft UIInterfaceOrientationLandscapeRight";
				LD_RUNPATH_SEARCH_PATHS = (
					"$(inherited)",
					"@executable_path/Frameworks",
				);
				MARKETING_VERSION = 1.0;
				PRODUCT_BUNDLE_IDENTIFIER = ca.amyshin.PlaylistGenerator;
				PRODUCT_NAME = "$(TARGET_NAME)";
				SWIFT_EMIT_LOC_STRINGS = YES;
				SWIFT_VERSION = 5.0;
				TARGETED_DEVICE_FAMILY = "1,2";
			};
			name = Release;
		};
/* End XCBuildConfiguration section */

/* Begin XCConfigurationList section */
		8AECEFD3274EA06600124EF8 /* Build configuration list for PBXProject "PlaylistGenerator" */ = {
			isa = XCConfigurationList;
			buildConfigurations = (
				8AECEFE4274EA06E00124EF8 /* Debug */,
				8AECEFE5274EA06E00124EF8 /* Release */,
			);
			defaultConfigurationIsVisible = 0;
			defaultConfigurationName = Release;
		};
		8AECEFE6274EA06E00124EF8 /* Build configuration list for PBXNativeTarget "PlaylistGenerator" */ = {
			isa = XCConfigurationList;
			buildConfigurations = (
				8AECEFE7274EA06E00124EF8 /* Debug */,
				8AECEFE8274EA06E00124EF8 /* Release */,
			);
			defaultConfigurationIsVisible = 0;
			defaultConfigurationName = Release;
		};
/* End XCConfigurationList section */
	};
	rootObject = 8AECEFD0274EA06600124EF8 /* Project object */;
}
